
Microsoft Visual Studio Solution File, Format Version 11.00
# Visual Studio 2010
Project("{FAE04EC0-301F-11D3-BF4B-00C04F79EFBC}") = "BetfairExt", "BetfairExt.csproj", "{5A62E2BF-A4EB-4FA7-B279-D0755D3BA4E0}"
EndProject
Global
	GlobalSection(SolutionConfigurationPlatforms) = preSolution
		Debug|Any CPU = Debug|Any CPU
		Release|Any CPU = Release|Any CPU
	EndGlobalSection
	GlobalSection(ProjectConfigurationPlatforms) = postSolution
		{5A62E2BF-A4EB-4FA7-B279-D0755D3BA4E0}.Debug|Any CPU.ActiveCfg = Debug|Any CPU
		{5A62E2BF-A4EB-4FA7-B279-D0755D3BA4E0}.Debug|Any CPU.Build.0 = Debug|Any CPU
		{5A62E2BF-A4EB-4FA7-B279-D0755D3BA4E0}.Release|Any CPU.ActiveCfg = Release|Any CPU
		{5A62E2BF-A4EB-4FA7-B279-D0755D3BA4E0}.Release|Any CPU.Build.0 = Release|Any CPU
	EndGlobalSection
	GlobalSection(SolutionProperties) = preSolution
		HideSolutionNode = FALSE
	EndGlobalSection
EndGlobal
